
Microsoft Visual Studio Solution File, Format Version 12.00
# Visual Studio Version 17
VisualStudioVersion = 17.5.33502.453
MinimumVisualStudioVersion = 10.0.40219.1
Project("{FAE04EC0-301F-11D3-BF4B-00C04F79EFBC}") = "Lms.API", "Lms.API\Lms.API.csproj", "{34704D8B-A4E7-4A0B-9206-09839D00B03E}"
EndProject
Project("{FAE04EC0-301F-11D3-BF4B-00C04F79EFBC}") = "Lms.Core", "Lms.Core\Lms.Core.csproj", "{79B50046-426D-4CB3-B783-022F705DB14A}"
EndProject
Project("{FAE04EC0-301F-11D3-BF4B-00C04F79EFBC}") = "Lms.Data", "Lms.Data\Lms.Data.csproj", "{5ACAA938-0A9F-42C3-93D7-595047FE1CD9}"
EndProject
Global
	GlobalSection(SolutionConfigurationPlatforms) = preSolution
		Debug|Any CPU = Debug|Any CPU
		Release|Any CPU = Release|Any CPU
	EndGlobalSection
	GlobalSection(ProjectConfigurationPlatforms) = postSolution
		{34704D8B-A4E7-4A0B-9206-09839D00B03E}.Debug|Any CPU.ActiveCfg = Debug|Any CPU
		{34704D8B-A4E7-4A0B-9206-09839D00B03E}.Debug|Any CPU.Build.0 = Debug|Any CPU
		{34704D8B-A4E7-4A0B-9206-09839D00B03E}.Release|Any CPU.ActiveCfg = Release|Any CPU
		{34704D8B-A4E7-4A0B-9206-09839D00B03E}.Release|Any CPU.Build.0 = Release|Any CPU
		{79B50046-426D-4CB3-B783-022F705DB14A}.Debug|Any CPU.ActiveCfg = Debug|Any CPU
		{79B50046-426D-4CB3-B783-022F705DB14A}.Debug|Any CPU.Build.0 = Debug|Any CPU
		{79B50046-426D-4CB3-B783-022F705DB14A}.Release|Any CPU.ActiveCfg = Release|Any CPU
		{79B50046-426D-4CB3-B783-022F705DB14A}.Release|Any CPU.Build.0 = Release|Any CPU
		{5ACAA938-0A9F-42C3-93D7-595047FE1CD9}.Debug|Any CPU.ActiveCfg = Debug|Any CPU
		{5ACAA938-0A9F-42C3-93D7-595047FE1CD9}.Debug|Any CPU.Build.0 = Debug|Any CPU
		{5ACAA938-0A9F-42C3-93D7-595047FE1CD9}.Release|Any CPU.ActiveCfg = Release|Any CPU
		{5ACAA938-0A9F-42C3-93D7-595047FE1CD9}.Release|Any CPU.Build.0 = Release|Any CPU
	EndGlobalSection
	GlobalSection(SolutionProperties) = preSolution
		HideSolutionNode = FALSE
	EndGlobalSection
	GlobalSection(ExtensibilityGlobals) = postSolution
		SolutionGuid = {4DC31D65-874A-4D00-B1B1-70A83E93F417}
	EndGlobalSection
EndGlobal
